{
    "_readme": [
        "This file locks the dependencies of your project to a known state",
        "Read more about it at http://getcomposer.org/doc/01-basic-usage.md#composer-lock-the-lock-file"
    ],
    "hash": "733ae01a385ccce8976e9ce653290c36",
    "packages": [
        {
            "name": "packfire/logger",
            "version": "1.0.1",
            "source": {
                "type": "git",
                "url": "https://github.com/packfire/logger.git",
                "reference": "13e72a46d167e560a992ea9e28053d9d6af88106"
            },
            "dist": {
                "type": "zip",
                "url": "https://api.github.com/repos/packfire/logger/zipball/13e72a46d167e560a992ea9e28053d9d6af88106",
                "reference": "13e72a46d167e560a992ea9e28053d9d6af88106",
                "shasum": ""
            },
            "require": {
                "php": ">=5.3.0",
                "psr/log": "1.0.*"
            },
            "type": "library",
            "autoload": {
                "psr-0": {
                    "Packfire\\Logger\\": "src"
                }
            },
            "notification-url": "https://packagist.org/downloads/",
            "authors": [
                {
                    "name": "Sam-Mauris Yong",
                    "email": "sam@mauris.sg",
                    "homepage": "http://mauris.sg/",
                    "role": "Developer"
                }
            ],
            "description": " A standard logger that implements Psr/Log ",
            "time": "2014-01-04 01:49:49"
        },
        {
            "name": "psr/log",
            "version": "1.0.0",
            "source": {
                "type": "git",
                "url": "https://github.com/php-fig/log",
                "reference": "1.0.0"
            },
            "dist": {
                "type": "zip",
                "url": "https://github.com/php-fig/log/archive/1.0.0.zip",
                "reference": "1.0.0",
                "shasum": ""
            },
            "type": "library",
            "autoload": {
                "psr-0": {
                    "Psr\\Log\\": ""
                }
            },
            "notification-url": "https://packagist.org/downloads/",
            "license": [
                "MIT"
            ],
            "authors": [
                {
                    "name": "PHP-FIG",
                    "homepage": "http://www.php-fig.org/"
                }
            ],
            "description": "Common interface for logging libraries",
            "keywords": [
                "log",
                "psr",
                "psr-3"
            ],
            "time": "2012-12-21 11:40:51"
        },
        {
            "name": "symfony/process",
            "version": "v2.2.11",
            "target-dir": "Symfony/Component/Process",
            "source": {
                "type": "git",
                "url": "https://github.com/symfony/Process.git",
                "reference": "b495834f2faadc533bdecf813f9ae8c509a4b52c"
            },
            "dist": {
                "type": "zip",
                "url": "https://api.github.com/repos/symfony/Process/zipball/b495834f2faadc533bdecf813f9ae8c509a4b52c",
                "reference": "b495834f2faadc533bdecf813f9ae8c509a4b52c",
                "shasum": ""
            },
            "require": {
                "php": ">=5.3.3"
            },
            "type": "library",
            "extra": {
                "branch-alias": {
                    "dev-master": "2.2-dev"
                }
            },
            "autoload": {
                "psr-0": {
                    "Symfony\\Component\\Process\\": ""
                }
            },
            "notification-url": "https://packagist.org/downloads/",
            "license": [
                "MIT"
            ],
            "authors": [
                {
                    "name": "Fabien Potencier",
                    "email": "fabien@symfony.com"
                },
                {
                    "name": "Symfony Community",
                    "homepage": "http://symfony.com/contributors"
                }
            ],
            "description": "Symfony Process Component",
            "homepage": "http://symfony.com",
            "time": "2013-11-25 10:21:43"
        }
    ],
    "packages-dev": [

    ],
    "aliases": [

    ],
    "minimum-stability": "stable",
    "stability-flags": [

    ],
    "platform": [

    ],
    "platform-dev": [

    ]
}
